
Microsoft Visual Studio Solution File, Format Version 12.00
# Visual Studio 15
VisualStudioVersion = 15.0.28307.438
MinimumVisualStudioVersion = 10.0.40219.1
Project("{FAE04EC0-301F-11D3-BF4B-00C04F79EFBC}") = "NovasFuckery", "NovasFuckery\NovasFuckery.csproj", "{8BE65270-A6F9-4E90-92B4-A59A820CC388}"
EndProject
Global
	GlobalSection(SolutionConfigurationPlatforms) = preSolution
		Debug|Any CPU = Debug|Any CPU
		Release|Any CPU = Release|Any CPU
	EndGlobalSection
	GlobalSection(ProjectConfigurationPlatforms) = postSolution
		{8BE65270-A6F9-4E90-92B4-A59A820CC388}.Debug|Any CPU.ActiveCfg = Debug|Any CPU
		{8BE65270-A6F9-4E90-92B4-A59A820CC388}.Debug|Any CPU.Build.0 = Debug|Any CPU
		{8BE65270-A6F9-4E90-92B4-A59A820CC388}.Release|Any CPU.ActiveCfg = Release|Any CPU
		{8BE65270-A6F9-4E90-92B4-A59A820CC388}.Release|Any CPU.Build.0 = Release|Any CPU
	EndGlobalSection
	GlobalSection(SolutionProperties) = preSolution
		HideSolutionNode = FALSE
	EndGlobalSection
	GlobalSection(ExtensibilityGlobals) = postSolution
		SolutionGuid = {25F986A1-9AF5-4385-B16D-4A9E2E7F1BAA}
	EndGlobalSection
EndGlobal
